
Microsoft Visual Studio Solution File, Format Version 12.00
# Visual Studio Version 17
VisualStudioVersion = 17.0.31903.59
MinimumVisualStudioVersion = 10.0.40219.1
Project("{2150E333-8FDC-42A3-9474-1A3956D46DE8}") = "src", "src", "{827E0CD3-B72D-47B6-A68D-7590B98EB39B}"
EndProject
Project("{FAE04EC0-301F-11D3-BF4B-00C04F79EFBC}") = "Reunioes.API", "src\Reunioes.API\Reunioes.API.csproj", "{E2BED42B-416B-47CA-95FC-F72595732DEB}"
EndProject
Project("{2150E333-8FDC-42A3-9474-1A3956D46DE8}") = "Itens de Solução", "Itens de Solução", "{380A7511-A354-6D7A-0CC0-8FA1F1BA7B6C}"
	ProjectSection(SolutionItems) = preProject
		.gitignore = .gitignore
	EndProjectSection
EndProject
Global
	GlobalSection(SolutionConfigurationPlatforms) = preSolution
		Debug|Any CPU = Debug|Any CPU
		Debug|x64 = Debug|x64
		Debug|x86 = Debug|x86
		Release|Any CPU = Release|Any CPU
		Release|x64 = Release|x64
		Release|x86 = Release|x86
	EndGlobalSection
	GlobalSection(ProjectConfigurationPlatforms) = postSolution
		{E2BED42B-416B-47CA-95FC-F72595732DEB}.Debug|Any CPU.ActiveCfg = Debug|Any CPU
		{E2BED42B-416B-47CA-95FC-F72595732DEB}.Debug|Any CPU.Build.0 = Debug|Any CPU
		{E2BED42B-416B-47CA-95FC-F72595732DEB}.Debug|x64.ActiveCfg = Debug|Any CPU
		{E2BED42B-416B-47CA-95FC-F72595732DEB}.Debug|x64.Build.0 = Debug|Any CPU
		{E2BED42B-416B-47CA-95FC-F72595732DEB}.Debug|x86.ActiveCfg = Debug|Any CPU
		{E2BED42B-416B-47CA-95FC-F72595732DEB}.Debug|x86.Build.0 = Debug|Any CPU
		{E2BED42B-416B-47CA-95FC-F72595732DEB}.Release|Any CPU.ActiveCfg = Release|Any CPU
		{E2BED42B-416B-47CA-95FC-F72595732DEB}.Release|Any CPU.Build.0 = Release|Any CPU
		{E2BED42B-416B-47CA-95FC-F72595732DEB}.Release|x64.ActiveCfg = Release|Any CPU
		{E2BED42B-416B-47CA-95FC-F72595732DEB}.Release|x64.Build.0 = Release|Any CPU
		{E2BED42B-416B-47CA-95FC-F72595732DEB}.Release|x86.ActiveCfg = Release|Any CPU
		{E2BED42B-416B-47CA-95FC-F72595732DEB}.Release|x86.Build.0 = Release|Any CPU
	EndGlobalSection
	GlobalSection(SolutionProperties) = preSolution
		HideSolutionNode = FALSE
	EndGlobalSection
	GlobalSection(NestedProjects) = preSolution
		{E2BED42B-416B-47CA-95FC-F72595732DEB} = {827E0CD3-B72D-47B6-A68D-7590B98EB39B}
	EndGlobalSection
	GlobalSection(ExtensibilityGlobals) = postSolution
		SolutionGuid = {ED05A24E-2DA1-4655-BF8A-41C0627A3BF9}
	EndGlobalSection
EndGlobal
